schema: '2.0'
stages:
  train:
    cmd: python src/train.py
    deps:
    - path: data/raw/train
      md5: 8142528a0cc0113b6a1b25bc454717ca.dir
      size: 16297357
      nfiles: 502
    - path: src/train.py
      md5: ed2bcacdf0e8dfb6ea6ee95294cc44fa
      size: 2818
    outs:
    - path: model/cats_dogs_classifier_try2.h5
      md5: 377cd605230150f128d3381e3ecc0348
      size: 47921480
